// !$*UTF8*$!
{
	archiveVersion = 1;
	classes = {
	};
	objectVersion = 50;
	objects = {

/* Begin PBXBuildFile section */
		1F0C777C257BE8B200081407 /* DadJokeApp WatchKit App.app in Embed Watch Content */ = {isa = PBXBuildFile; fileRef = 1F0C777B257BE8B200081407 /* DadJokeApp WatchKit App.app */; settings = {ATTRIBUTES = (RemoveHeadersOnCopy, ); }; };
		1F0C7781257BE8B500081407 /* Assets.xcassets in Resources */ = {isa = PBXBuildFile; fileRef = 1F0C7780257BE8B500081407 /* Assets.xcassets */; };
		1F0C7788257BE8B500081407 /* DadJokeApp WatchKit Extension.appex in Embed App Extensions */ = {isa = PBXBuildFile; fileRef = 1F0C7787257BE8B500081407 /* DadJokeApp WatchKit Extension.appex */; settings = {ATTRIBUTES = (RemoveHeadersOnCopy, ); }; };
		1F0C778D257BE8B500081407 /* DadJokeAppApp.swift in Sources */ = {isa = PBXBuildFile; fileRef = 1F0C778C257BE8B500081407 /* DadJokeAppApp.swift */; };
		1F0C778F257BE8B500081407 /* ContentView.swift in Sources */ = {isa = PBXBuildFile; fileRef = 1F0C778E257BE8B500081407 /* ContentView.swift */; };
		1F0C7791257BE8B500081407 /* NotificationController.swift in Sources */ = {isa = PBXBuildFile; fileRef = 1F0C7790257BE8B500081407 /* NotificationController.swift */; };
		1F0C7793257BE8B500081407 /* NotificationView.swift in Sources */ = {isa = PBXBuildFile; fileRef = 1F0C7792257BE8B500081407 /* NotificationView.swift */; };
		1F0C7795257BE8B500081407 /* ComplicationController.swift in Sources */ = {isa = PBXBuildFile; fileRef = 1F0C7794257BE8B500081407 /* ComplicationController.swift */; };
		1F0C7797257BE8B700081407 /* Assets.xcassets in Resources */ = {isa = PBXBuildFile; fileRef = 1F0C7796257BE8B700081407 /* Assets.xcassets */; };
		1F0C779A257BE8B700081407 /* Preview Assets.xcassets in Resources */ = {isa = PBXBuildFile; fileRef = 1F0C7799257BE8B700081407 /* Preview Assets.xcassets */; };
/* End PBXBuildFile section */

/* Begin PBXContainerItemProxy section */
		1F0C777D257BE8B200081407 /* PBXContainerItemProxy */ = {
			isa = PBXContainerItemProxy;
			containerPortal = 1F0C7771257BE8B100081407 /* Project object */;
			proxyType = 1;
			remoteGlobalIDString = 1F0C777A257BE8B200081407;
			remoteInfo = "DadJokeApp WatchKit App";
		};
		1F0C7789257BE8B500081407 /* PBXContainerItemProxy */ = {
			isa = PBXContainerItemProxy;
			containerPortal = 1F0C7771257BE8B100081407 /* Project object */;
			proxyType = 1;
			remoteGlobalIDString = 1F0C7786257BE8B500081407;
			remoteInfo = "DadJokeApp WatchKit Extension";
		};
/* End PBXContainerItemProxy section */

/* Begin PBXCopyFilesBuildPhase section */
		1F0C77A2257BE8B700081407 /* Embed App Extensions */ = {
			isa = PBXCopyFilesBuildPhase;
			buildActionMask = 2147483647;
			dstPath = "";
			dstSubfolderSpec = 13;
			files = (
				1F0C7788257BE8B500081407 /* DadJokeApp WatchKit Extension.appex in Embed App Extensions */,
			);
			name = "Embed App Extensions";
			runOnlyForDeploymentPostprocessing = 0;
		};
		1F0C77A6257BE8B700081407 /* Embed Watch Content */ = {
			isa = PBXCopyFilesBuildPhase;
			buildActionMask = 2147483647;
			dstPath = "$(CONTENTS_FOLDER_PATH)/Watch";
			dstSubfolderSpec = 16;
			files = (
				1F0C777C257BE8B200081407 /* DadJokeApp WatchKit App.app in Embed Watch Content */,
			);
			name = "Embed Watch Content";
			runOnlyForDeploymentPostprocessing = 0;
		};
/* End PBXCopyFilesBuildPhase section */

/* Begin PBXFileReference section */
		1F0C7777257BE8B100081407 /* DadJokeApp.app */ = {isa = PBXFileReference; explicitFileType = wrapper.application; includeInIndex = 0; path = DadJokeApp.app; sourceTree = BUILT_PRODUCTS_DIR; };
		1F0C777B257BE8B200081407 /* DadJokeApp WatchKit App.app */ = {isa = PBXFileReference; explicitFileType = wrapper.application; includeInIndex = 0; path = "DadJokeApp WatchKit App.app"; sourceTree = BUILT_PRODUCTS_DIR; };
		1F0C7780257BE8B500081407 /* Assets.xcassets */ = {isa = PBXFileReference; lastKnownFileType = folder.assetcatalog; path = Assets.xcassets; sourceTree = "<group>"; };
		1F0C7782257BE8B500081407 /* Info.plist */ = {isa = PBXFileReference; lastKnownFileType = text.plist.xml; path = Info.plist; sourceTree = "<group>"; };
		1F0C7787257BE8B500081407 /* DadJokeApp WatchKit Extension.appex */ = {isa = PBXFileReference; explicitFileType = "wrapper.app-extension"; includeInIndex = 0; path = "DadJokeApp WatchKit Extension.appex"; sourceTree = BUILT_PRODUCTS_DIR; };
		1F0C778C257BE8B500081407 /* DadJokeAppApp.swift */ = {isa = PBXFileReference; lastKnownFileType = sourcecode.swift; path = DadJokeAppApp.swift; sourceTree = "<group>"; };
		1F0C778E257BE8B500081407 /* ContentView.swift */ = {isa = PBXFileReference; lastKnownFileType = sourcecode.swift; path = ContentView.swift; sourceTree = "<group>"; };
		1F0C7790257BE8B500081407 /* NotificationController.swift */ = {isa = PBXFileReference; lastKnownFileType = sourcecode.swift; path = NotificationController.swift; sourceTree = "<group>"; };
		1F0C7792257BE8B500081407 /* NotificationView.swift */ = {isa = PBXFileReference; lastKnownFileType = sourcecode.swift; path = NotificationView.swift; sourceTree = "<group>"; };
		1F0C7794257BE8B500081407 /* ComplicationController.swift */ = {isa = PBXFileReference; lastKnownFileType = sourcecode.swift; path = ComplicationController.swift; sourceTree = "<group>"; };
		1F0C7796257BE8B700081407 /* Assets.xcassets */ = {isa = PBXFileReference; lastKnownFileType = folder.assetcatalog; path = Assets.xcassets; sourceTree = "<group>"; };
		1F0C7799257BE8B700081407 /* Preview Assets.xcassets */ = {isa = PBXFileReference; lastKnownFileType = folder.assetcatalog; path = "Preview Assets.xcassets"; sourceTree = "<group>"; };
		1F0C779B257BE8B700081407 /* Info.plist */ = {isa = PBXFileReference; lastKnownFileType = text.plist.xml; path = Info.plist; sourceTree = "<group>"; };
		1F0C779C257BE8B700081407 /* PushNotificationPayload.apns */ = {isa = PBXFileReference; lastKnownFileType = text; path = PushNotificationPayload.apns; sourceTree = "<group>"; };
/* End PBXFileReference section */

/* Begin PBXFrameworksBuildPhase section */
		1F0C7784257BE8B500081407 /* Frameworks */ = {
			isa = PBXFrameworksBuildPhase;
			buildActionMask = 2147483647;
			files = (
			);
			runOnlyForDeploymentPostprocessing = 0;
		};
/* End PBXFrameworksBuildPhase section */

/* Begin PBXGroup section */
		1F0C7770257BE8B100081407 = {
			isa = PBXGroup;
			children = (
				1F0C777F257BE8B200081407 /* DadJokeApp WatchKit App */,
				1F0C778B257BE8B500081407 /* DadJokeApp WatchKit Extension */,
				1F0C7778257BE8B100081407 /* Products */,
			);
			sourceTree = "<group>";
		};
		1F0C7778257BE8B100081407 /* Products */ = {
			isa = PBXGroup;
			children = (
				1F0C7777257BE8B100081407 /* DadJokeApp.app */,
				1F0C777B257BE8B200081407 /* DadJokeApp WatchKit App.app */,
				1F0C7787257BE8B500081407 /* DadJokeApp WatchKit Extension.appex */,
			);
			name = Products;
			sourceTree = "<group>";
		};
		1F0C777F257BE8B200081407 /* DadJokeApp WatchKit App */ = {
			isa = PBXGroup;
			children = (
				1F0C7780257BE8B500081407 /* Assets.xcassets */,
				1F0C7782257BE8B500081407 /* Info.plist */,
			);
			path = "DadJokeApp WatchKit App";
			sourceTree = "<group>";
		};
		1F0C778B257BE8B500081407 /* DadJokeApp WatchKit Extension */ = {
			isa = PBXGroup;
			children = (
				1F0C778C257BE8B500081407 /* DadJokeAppApp.swift */,
				1F0C778E257BE8B500081407 /* ContentView.swift */,
				1F0C7790257BE8B500081407 /* NotificationController.swift */,
				1F0C7792257BE8B500081407 /* NotificationView.swift */,
				1F0C7794257BE8B500081407 /* ComplicationController.swift */,
				1F0C7796257BE8B700081407 /* Assets.xcassets */,
				1F0C779B257BE8B700081407 /* Info.plist */,
				1F0C779C257BE8B700081407 /* PushNotificationPayload.apns */,
				1F0C7798257BE8B700081407 /* Preview Content */,
			);
			path = "DadJokeApp WatchKit Extension";
			sourceTree = "<group>";
		};
		1F0C7798257BE8B700081407 /* Preview Content */ = {
			isa = PBXGroup;
			children = (
				1F0C7799257BE8B700081407 /* Preview Assets.xcassets */,
			);
			path = "Preview Content";
			sourceTree = "<group>";
		};
/* End PBXGroup section */

/* Begin PBXNativeTarget section */
		1F0C7776257BE8B100081407 /* DadJokeApp */ = {
			isa = PBXNativeTarget;
			buildConfigurationList = 1F0C77A7257BE8B700081407 /* Build configuration list for PBXNativeTarget "DadJokeApp" */;
			buildPhases = (
				1F0C7775257BE8B100081407 /* Resources */,
				1F0C77A6257BE8B700081407 /* Embed Watch Content */,
			);
			buildRules = (
			);
			dependencies = (
				1F0C777E257BE8B200081407 /* PBXTargetDependency */,
			);
			name = DadJokeApp;
			productName = DadJokeApp;
			productReference = 1F0C7777257BE8B100081407 /* DadJokeApp.app */;
			productType = "com.apple.product-type.application.watchapp2-container";
		};
		1F0C777A257BE8B200081407 /* DadJokeApp WatchKit App */ = {
			isa = PBXNativeTarget;
			buildConfigurationList = 1F0C77A3257BE8B700081407 /* Build configuration list for PBXNativeTarget "DadJokeApp WatchKit App" */;
			buildPhases = (
				1F0C7779257BE8B200081407 /* Resources */,
				1F0C77A2257BE8B700081407 /* Embed App Extensions */,
			);
			buildRules = (
			);
			dependencies = (
				1F0C778A257BE8B500081407 /* PBXTargetDependency */,
			);
			name = "DadJokeApp WatchKit App";
			productName = "DadJokeApp WatchKit App";
			productReference = 1F0C777B257BE8B200081407 /* DadJokeApp WatchKit App.app */;
			productType = "com.apple.product-type.application.watchapp2";
		};
		1F0C7786257BE8B500081407 /* DadJokeApp WatchKit Extension */ = {
			isa = PBXNativeTarget;
			buildConfigurationList = 1F0C779F257BE8B700081407 /* Build configuration list for PBXNativeTarget "DadJokeApp WatchKit Extension" */;
			buildPhases = (
				1F0C7783257BE8B500081407 /* Sources */,
				1F0C7784257BE8B500081407 /* Frameworks */,
				1F0C7785257BE8B500081407 /* Resources */,
			);
			buildRules = (
			);
			dependencies = (
			);
			name = "DadJokeApp WatchKit Extension";
			productName = "DadJokeApp WatchKit Extension";
			productReference = 1F0C7787257BE8B500081407 /* DadJokeApp WatchKit Extension.appex */;
			productType = "com.apple.product-type.watchkit2-extension";
		};
/* End PBXNativeTarget section */

/* Begin PBXProject section */
		1F0C7771257BE8B100081407 /* Project object */ = {
			isa = PBXProject;
			attributes = {
				LastSwiftUpdateCheck = 1210;
				LastUpgradeCheck = 1210;
				TargetAttributes = {
					1F0C7776257BE8B100081407 = {
						CreatedOnToolsVersion = 12.1;
					};
					1F0C777A257BE8B200081407 = {
						CreatedOnToolsVersion = 12.1;
					};
					1F0C7786257BE8B500081407 = {
						CreatedOnToolsVersion = 12.1;
					};
				};
			};
			buildConfigurationList = 1F0C7774257BE8B100081407 /* Build configuration list for PBXProject "DadJokeApp" */;
			compatibilityVersion = "Xcode 9.3";
			developmentRegion = en;
			hasScannedForEncodings = 0;
			knownRegions = (
				en,
				Base,
			);
			mainGroup = 1F0C7770257BE8B100081407;
			productRefGroup = 1F0C7778257BE8B100081407 /* Products */;
			projectDirPath = "";
			projectRoot = "";
			targets = (
				1F0C7776257BE8B100081407 /* DadJokeApp */,
				1F0C777A257BE8B200081407 /* DadJokeApp WatchKit App */,
				1F0C7786257BE8B500081407 /* DadJokeApp WatchKit Extension */,
			);
		};
/* End PBXProject section */

/* Begin PBXResourcesBuildPhase section */
		1F0C7775257BE8B100081407 /* Resources */ = {
			isa = PBXResourcesBuildPhase;
			buildActionMask = 2147483647;
			files = (
			);
			runOnlyForDeploymentPostprocessing = 0;
		};
		1F0C7779257BE8B200081407 /* Resources */ = {
			isa = PBXResourcesBuildPhase;
			buildActionMask = 2147483647;
			files = (
				1F0C7781257BE8B500081407 /* Assets.xcassets in Resources */,
			);
			runOnlyForDeploymentPostprocessing = 0;
		};
		1F0C7785257BE8B500081407 /* Resources */ = {
			isa = PBXResourcesBuildPhase;
			buildActionMask = 2147483647;
			files = (
				1F0C779A257BE8B700081407 /* Preview Assets.xcassets in Resources */,
				1F0C7797257BE8B700081407 /* Assets.xcassets in Resources */,
			);
			runOnlyForDeploymentPostprocessing = 0;
		};
/* End PBXResourcesBuildPhase section */

/* Begin PBXSourcesBuildPhase section */
		1F0C7783257BE8B500081407 /* Sources */ = {
			isa = PBXSourcesBuildPhase;
			buildActionMask = 2147483647;
			files = (
				1F0C7791257BE8B500081407 /* NotificationController.swift in Sources */,
				1F0C778F257BE8B500081407 /* ContentView.swift in Sources */,
				1F0C7795257BE8B500081407 /* ComplicationController.swift in Sources */,
				1F0C778D257BE8B500081407 /* DadJokeAppApp.swift in Sources */,
				1F0C7793257BE8B500081407 /* NotificationView.swift in Sources */,
			);
			runOnlyForDeploymentPostprocessing = 0;
		};
/* End PBXSourcesBuildPhase section */

/* Begin PBXTargetDependency section */
		1F0C777E257BE8B200081407 /* PBXTargetDependency */ = {
			isa = PBXTargetDependency;
			target = 1F0C777A257BE8B200081407 /* DadJokeApp WatchKit App */;
			targetProxy = 1F0C777D257BE8B200081407 /* PBXContainerItemProxy */;
		};
		1F0C778A257BE8B500081407 /* PBXTargetDependency */ = {
			isa = PBXTargetDependency;
			target = 1F0C7786257BE8B500081407 /* DadJokeApp WatchKit Extension */;
			targetProxy = 1F0C7789257BE8B500081407 /* PBXContainerItemProxy */;
		};
/* End PBXTargetDependency section */

/* Begin XCBuildConfiguration section */
		1F0C779D257BE8B700081407 /* Debug */ = {
			isa = XCBuildConfiguration;
			buildSettings = {
				ALWAYS_SEARCH_USER_PATHS = NO;
				CLANG_ANALYZER_NONNULL = YES;
				CLANG_ANALYZER_NUMBER_OBJECT_CONVERSION = YES_AGGRESSIVE;
				CLANG_CXX_LANGUAGE_STANDARD = "gnu++14";
				CLANG_CXX_LIBRARY = "libc++";
				CLANG_ENABLE_MODULES = YES;
				CLANG_ENABLE_OBJC_ARC = YES;
				CLANG_ENABLE_OBJC_WEAK = YES;
				CLANG_WARN_BLOCK_CAPTURE_AUTORELEASING = YES;
				CLANG_WARN_BOOL_CONVERSION = YES;
				CLANG_WARN_COMMA = YES;
				CLANG_WARN_CONSTANT_CONVERSION = YES;
				CLANG_WARN_DEPRECATED_OBJC_IMPLEMENTATIONS = YES;
				CLANG_WARN_DIRECT_OBJC_ISA_USAGE = YES_ERROR;
				CLANG_WARN_DOCUMENTATION_COMMENTS = YES;
				CLANG_WARN_EMPTY_BODY = YES;
				CLANG_WARN_ENUM_CONVERSION = YES;
				CLANG_WARN_INFINITE_RECURSION = YES;
				CLANG_WARN_INT_CONVERSION = YES;
				CLANG_WARN_NON_LITERAL_NULL_CONVERSION = YES;
				CLANG_WARN_OBJC_IMPLICIT_RETAIN_SELF = YES;
				CLANG_WARN_OBJC_LITERAL_CONVERSION = YES;
				CLANG_WARN_OBJC_ROOT_CLASS = YES_ERROR;
				CLANG_WARN_QUOTED_INCLUDE_IN_FRAMEWORK_HEADER = YES;
				CLANG_WARN_RANGE_LOOP_ANALYSIS = YES;
				CLANG_WARN_STRICT_PROTOTYPES = YES;
				CLANG_WARN_SUSPICIOUS_MOVE = YES;
				CLANG_WARN_UNGUARDED_AVAILABILITY = YES_AGGRESSIVE;
				CLANG_WARN_UNREACHABLE_CODE = YES;
				CLANG_WARN__DUPLICATE_METHOD_MATCH = YES;
				COPY_PHASE_STRIP = NO;
				DEBUG_INFORMATION_FORMAT = dwarf;
				ENABLE_STRICT_OBJC_MSGSEND = YES;
				ENABLE_TESTABILITY = YES;
				GCC_C_LANGUAGE_STANDARD = gnu11;
				GCC_DYNAMIC_NO_PIC = NO;
				GCC_NO_COMMON_BLOCKS = YES;
				GCC_OPTIMIZATION_LEVEL = 0;
				GCC_PREPROCESSOR_DEFINITIONS = (
					"DEBUG=1",
					"$(inherited)",
				);
				GCC_WARN_64_TO_32_BIT_CONVERSION = YES;
				GCC_WARN_ABOUT_RETURN_TYPE = YES_ERROR;
				GCC_WARN_UNDECLARED_SELECTOR = YES;
				GCC_WARN_UNINITIALIZED_AUTOS = YES_AGGRESSIVE;
				GCC_WARN_UNUSED_FUNCTION = YES;
				GCC_WARN_UNUSED_VARIABLE = YES;
				MTL_ENABLE_DEBUG_INFO = INCLUDE_SOURCE;
				MTL_FAST_MATH = YES;
				ONLY_ACTIVE_ARCH = YES;
				SDKROOT = iphoneos;
				SWIFT_ACTIVE_COMPILATION_CONDITIONS = DEBUG;
				SWIFT_OPTIMIZATION_LEVEL = "-Onone";
			};
			name = Debug;
		};
		1F0C779E257BE8B700081407 /* Release */ = {
			isa = XCBuildConfiguration;
			buildSettings = {
				ALWAYS_SEARCH_USER_PATHS = NO;
				CLANG_ANALYZER_NONNULL = YES;
				CLANG_ANALYZER_NUMBER_OBJECT_CONVERSION = YES_AGGRESSIVE;
				CLANG_CXX_LANGUAGE_STANDARD = "gnu++14";
				CLANG_CXX_LIBRARY = "libc++";
				CLANG_ENABLE_MODULES = YES;
				CLANG_ENABLE_OBJC_ARC = YES;
				CLANG_ENABLE_OBJC_WEAK = YES;
				CLANG_WARN_BLOCK_CAPTURE_AUTORELEASING = YES;
				CLANG_WARN_BOOL_CONVERSION = YES;
				CLANG_WARN_COMMA = YES;
				CLANG_WARN_CONSTANT_CONVERSION = YES;
				CLANG_WARN_DEPRECATED_OBJC_IMPLEMENTATIONS = YES;
				CLANG_WARN_DIRECT_OBJC_ISA_USAGE = YES_ERROR;
				CLANG_WARN_DOCUMENTATION_COMMENTS = YES;
				CLANG_WARN_EMPTY_BODY = YES;
				CLANG_WARN_ENUM_CONVERSION = YES;
				CLANG_WARN_INFINITE_RECURSION = YES;
				CLANG_WARN_INT_CONVERSION = YES;
				CLANG_WARN_NON_LITERAL_NULL_CONVERSION = YES;
				CLANG_WARN_OBJC_IMPLICIT_RETAIN_SELF = YES;
				CLANG_WARN_OBJC_LITERAL_CONVERSION = YES;
				CLANG_WARN_OBJC_ROOT_CLASS = YES_ERROR;
				CLANG_WARN_QUOTED_INCLUDE_IN_FRAMEWORK_HEADER = YES;
				CLANG_WARN_RANGE_LOOP_ANALYSIS = YES;
				CLANG_WARN_STRICT_PROTOTYPES = YES;
				CLANG_WARN_SUSPICIOUS_MOVE = YES;
				CLANG_WARN_UNGUARDED_AVAILABILITY = YES_AGGRESSIVE;
				CLANG_WARN_UNREACHABLE_CODE = YES;
				CLANG_WARN__DUPLICATE_METHOD_MATCH = YES;
				COPY_PHASE_STRIP = NO;
				DEBUG_INFORMATION_FORMAT = "dwarf-with-dsym";
				ENABLE_NS_ASSERTIONS = NO;
				ENABLE_STRICT_OBJC_MSGSEND = YES;
				GCC_C_LANGUAGE_STANDARD = gnu11;
				GCC_NO_COMMON_BLOCKS = YES;
				GCC_WARN_64_TO_32_BIT_CONVERSION = YES;
				GCC_WARN_ABOUT_RETURN_TYPE = YES_ERROR;
				GCC_WARN_UNDECLARED_SELECTOR = YES;
				GCC_WARN_UNINITIALIZED_AUTOS = YES_AGGRESSIVE;
				GCC_WARN_UNUSED_FUNCTION = YES;
				GCC_WARN_UNUSED_VARIABLE = YES;
				MTL_ENABLE_DEBUG_INFO = NO;
				MTL_FAST_MATH = YES;
				SDKROOT = iphoneos;
				SWIFT_COMPILATION_MODE = wholemodule;
				SWIFT_OPTIMIZATION_LEVEL = "-O";
				VALIDATE_PRODUCT = YES;
			};
			name = Release;
		};
		1F0C77A0257BE8B700081407 /* Debug */ = {
			isa = XCBuildConfiguration;
			buildSettings = {
				ASSETCATALOG_COMPILER_COMPLICATION_NAME = Complication;
				CODE_SIGN_STYLE = Automatic;
				DEVELOPMENT_ASSET_PATHS = "\"DadJokeApp WatchKit Extension/Preview Content\"";
				DEVELOPMENT_TEAM = 3Z7L7VS352;
				ENABLE_PREVIEWS = YES;
				INFOPLIST_FILE = "DadJokeApp WatchKit Extension/Info.plist";
				LD_RUNPATH_SEARCH_PATHS = (
					"$(inherited)",
					"@executable_path/Frameworks",
					"@executable_path/../../Frameworks",
				);
				PRODUCT_BUNDLE_IDENTIFIER = ca.andreasliebich.DadJokeApp.watchkitapp.watchkitextension;
				PRODUCT_NAME = "${TARGET_NAME}";
				SDKROOT = watchos;
				SKIP_INSTALL = YES;
				SWIFT_VERSION = 5.0;
				TARGETED_DEVICE_FAMILY = 4;
				WATCHOS_DEPLOYMENT_TARGET = 7.0;
			};
			name = Debug;
		};
		1F0C77A1257BE8B700081407 /* Release */ = {
			isa = XCBuildConfiguration;
			buildSettings = {
				ASSETCATALOG_COMPILER_COMPLICATION_NAME = Complication;
				CODE_SIGN_STYLE = Automatic;
				DEVELOPMENT_ASSET_PATHS = "\"DadJokeApp WatchKit Extension/Preview Content\"";
				DEVELOPMENT_TEAM = 3Z7L7VS352;
				ENABLE_PREVIEWS = YES;
				INFOPLIST_FILE = "DadJokeApp WatchKit Extension/Info.plist";
				LD_RUNPATH_SEARCH_PATHS = (
					"$(inherited)",
					"@executable_path/Frameworks",
					"@executable_path/../../Frameworks",
				);
				PRODUCT_BUNDLE_IDENTIFIER = ca.andreasliebich.DadJokeApp.watchkitapp.watchkitextension;
				PRODUCT_NAME = "${TARGET_NAME}";
				SDKROOT = watchos;
				SKIP_INSTALL = YES;
				SWIFT_VERSION = 5.0;
				TARGETED_DEVICE_FAMILY = 4;
				WATCHOS_DEPLOYMENT_TARGET = 7.0;
			};
			name = Release;
		};
		1F0C77A4257BE8B700081407 /* Debug */ = {
			isa = XCBuildConfiguration;
			buildSettings = {
				ALWAYS_EMBED_SWIFT_STANDARD_LIBRARIES = YES;
				ASSETCATALOG_COMPILER_APPICON_NAME = AppIcon;
				ASSETCATALOG_COMPILER_GLOBAL_ACCENT_COLOR_NAME = AccentColor;
				CODE_SIGN_STYLE = Automatic;
				DEVELOPMENT_TEAM = 3Z7L7VS352;
				IBSC_MODULE = DadJokeApp_WatchKit_Extension;
				INFOPLIST_FILE = "DadJokeApp WatchKit App/Info.plist";
				PRODUCT_BUNDLE_IDENTIFIER = ca.andreasliebich.DadJokeApp.watchkitapp;
				PRODUCT_NAME = "$(TARGET_NAME)";
				SDKROOT = watchos;
				SKIP_INSTALL = YES;
				SWIFT_VERSION = 5.0;
				TARGETED_DEVICE_FAMILY = 4;
				WATCHOS_DEPLOYMENT_TARGET = 7.0;
			};
			name = Debug;
		};
		1F0C77A5257BE8B700081407 /* Release */ = {
			isa = XCBuildConfiguration;
			buildSettings = {
				ALWAYS_EMBED_SWIFT_STANDARD_LIBRARIES = YES;
				ASSETCATALOG_COMPILER_APPICON_NAME = AppIcon;
				ASSETCATALOG_COMPILER_GLOBAL_ACCENT_COLOR_NAME = AccentColor;
				CODE_SIGN_STYLE = Automatic;
				DEVELOPMENT_TEAM = 3Z7L7VS352;
				IBSC_MODULE = DadJokeApp_WatchKit_Extension;
				INFOPLIST_FILE = "DadJokeApp WatchKit App/Info.plist";
				PRODUCT_BUNDLE_IDENTIFIER = ca.andreasliebich.DadJokeApp.watchkitapp;
				PRODUCT_NAME = "$(TARGET_NAME)";
				SDKROOT = watchos;
				SKIP_INSTALL = YES;
				SWIFT_VERSION = 5.0;
				TARGETED_DEVICE_FAMILY = 4;
				WATCHOS_DEPLOYMENT_TARGET = 7.0;
			};
			name = Release;
		};
		1F0C77A8257BE8B700081407 /* Debug */ = {
			isa = XCBuildConfiguration;
			buildSettings = {
				CODE_SIGN_STYLE = Automatic;
				CURRENT_PROJECT_VERSION = 1;
				DEVELOPMENT_TEAM = 3Z7L7VS352;
				MARKETING_VERSION = 1.0;
				PRODUCT_BUNDLE_IDENTIFIER = ca.andreasliebich.DadJokeApp;
				PRODUCT_NAME = "$(TARGET_NAME)";
				SWIFT_VERSION = 5.0;
			};
			name = Debug;
		};
		1F0C77A9257BE8B700081407 /* Release */ = {
			isa = XCBuildConfiguration;
			buildSettings = {
				CODE_SIGN_STYLE = Automatic;
				CURRENT_PROJECT_VERSION = 1;
				DEVELOPMENT_TEAM = 3Z7L7VS352;
				MARKETING_VERSION = 1.0;
				PRODUCT_BUNDLE_IDENTIFIER = ca.andreasliebich.DadJokeApp;
				PRODUCT_NAME = "$(TARGET_NAME)";
				SWIFT_VERSION = 5.0;
			};
			name = Release;
		};
/* End XCBuildConfiguration section */

/* Begin XCConfigurationList section */
		1F0C7774257BE8B100081407 /* Build configuration list for PBXProject "DadJokeApp" */ = {
			isa = XCConfigurationList;
			buildConfigurations = (
				1F0C779D257BE8B700081407 /* Debug */,
				1F0C779E257BE8B700081407 /* Release */,
			);
			defaultConfigurationIsVisible = 0;
			defaultConfigurationName = Release;
		};
		1F0C779F257BE8B700081407 /* Build configuration list for PBXNativeTarget "DadJokeApp WatchKit Extension" */ = {
			isa = XCConfigurationList;
			buildConfigurations = (
				1F0C77A0257BE8B700081407 /* Debug */,
				1F0C77A1257BE8B700081407 /* Release */,
			);
			defaultConfigurationIsVisible = 0;
			defaultConfigurationName = Release;
		};
		1F0C77A3257BE8B700081407 /* Build configuration list for PBXNativeTarget "DadJokeApp WatchKit App" */ = {
			isa = XCConfigurationList;
			buildConfigurations = (
				1F0C77A4257BE8B700081407 /* Debug */,
				1F0C77A5257BE8B700081407 /* Release */,
			);
			defaultConfigurationIsVisible = 0;
			defaultConfigurationName = Release;
		};
		1F0C77A7257BE8B700081407 /* Build configuration list for PBXNativeTarget "DadJokeApp" */ = {
			isa = XCConfigurationList;
			buildConfigurations = (
				1F0C77A8257BE8B700081407 /* Debug */,
				1F0C77A9257BE8B700081407 /* Release */,
			);
			defaultConfigurationIsVisible = 0;
			defaultConfigurationName = Release;
		};
/* End XCConfigurationList section */
	};
	rootObject = 1F0C7771257BE8B100081407 /* Project object */;
}
